
Microsoft Visual Studio Solution File, Format Version 12.00
# Visual Studio Version 16
VisualStudioVersion = 16.0.29215.179
MinimumVisualStudioVersion = 10.0.40219.1
Project("{FAE04EC0-301F-11D3-BF4B-00C04F79EFBC}") = "ReadySetGo", "ReadySetGo\ReadySetGo.csproj", "{85B33F2C-4B77-49E9-9860-BD96BEBA419F}"
EndProject
Global
	GlobalSection(SolutionConfigurationPlatforms) = preSolution
		Debug|Any CPU = Debug|Any CPU
		Release|Any CPU = Release|Any CPU
	EndGlobalSection
	GlobalSection(ProjectConfigurationPlatforms) = postSolution
		{85B33F2C-4B77-49E9-9860-BD96BEBA419F}.Debug|Any CPU.ActiveCfg = Debug|Any CPU
		{85B33F2C-4B77-49E9-9860-BD96BEBA419F}.Debug|Any CPU.Build.0 = Debug|Any CPU
		{85B33F2C-4B77-49E9-9860-BD96BEBA419F}.Release|Any CPU.ActiveCfg = Release|Any CPU
		{85B33F2C-4B77-49E9-9860-BD96BEBA419F}.Release|Any CPU.Build.0 = Release|Any CPU
	EndGlobalSection
	GlobalSection(SolutionProperties) = preSolution
		HideSolutionNode = FALSE
	EndGlobalSection
	GlobalSection(ExtensibilityGlobals) = postSolution
		SolutionGuid = {CFB4620D-BB26-4E1B-9D11-562617B15641}
	EndGlobalSection
EndGlobal
